// !$*UTF8*$!
{
	archiveVersion = 1;
	classes = {
	};
	objectVersion = 77;
	objects = {

/* Begin PBXBuildFile section */
		01AD464F8FC8ABA8BE654776 /* FeedHealthService.swift in Sources */ = {isa = PBXBuildFile; fileRef = 7109B51B5CD57DB0F662E451 /* FeedHealthService.swift */; };
		07653C9C418BE81D76738F41 /* NetworkMonitor.swift in Sources */ = {isa = PBXBuildFile; fileRef = A924150A9FB1F2E84DB62914 /* NetworkMonitor.swift */; };
		0988FDC8A62B97759BD9C716 /* FeedStore.swift in Sources */ = {isa = PBXBuildFile; fileRef = 785E78CA77152E7FE78C1237 /* FeedStore.swift */; };
		0A404A128853FB51FE8F1D6A /* AddFeedSheet.swift in Sources */ = {isa = PBXBuildFile; fileRef = CEC1EECA81855474954BF2FD /* AddFeedSheet.swift */; };
		0A8574CD7E3F92FFA293071D /* EqualizerWaveformView.swift in Sources */ = {isa = PBXBuildFile; fileRef = 1F6A10119A190D5FE76F0592 /* EqualizerWaveformView.swift */; };
		1020DE99CF68166D20AADCD8 /* FeedItem.swift in Sources */ = {isa = PBXBuildFile; fileRef = 70111542A0F0A2F41B2BBA8D /* FeedItem.swift */; };
		17C187012BC0DF718F9F2D8E /* FeedListView.swift in Sources */ = {isa = PBXBuildFile; fileRef = 0183323EB4976E4330F68AAE /* FeedListView.swift */; };
		193779E76AAB54F056CECE5E /* FolderManagementView.swift in Sources */ = {isa = PBXBuildFile; fileRef = 0053C0D86B3535760BE51C66 /* FolderManagementView.swift */; };
		1FD0F7F263DCB353E5A25AE4 /* SocialFeedResolver.swift in Sources */ = {isa = PBXBuildFile; fileRef = 67BBCE8B97014AFDED151896 /* SocialFeedResolver.swift */; };
		2E8852AFA945DDD35D01D07D /* PodcastSearchService.swift in Sources */ = {isa = PBXBuildFile; fileRef = D1EED837EB946665F961D18F /* PodcastSearchService.swift */; };
		332BE99960A9F197E6BAF766 /* OPMLManager.swift in Sources */ = {isa = PBXBuildFile; fileRef = 45994E646C25361346388B46 /* OPMLManager.swift */; };
		39932094874073EA32CC007A /* RSSParser.swift in Sources */ = {isa = PBXBuildFile; fileRef = D1FBFB7658763A93FCF1CB77 /* RSSParser.swift */; };
		415C86EA71BF46636C7025B8 /* AppSettings.swift in Sources */ = {isa = PBXBuildFile; fileRef = 541CCECE17865AC0A57C3092 /* AppSettings.swift */; };
		4AE06182FA3218E2F97389F4 /* SettingsView.swift in Sources */ = {isa = PBXBuildFile; fileRef = 8662D9AE64DB139E0FD25AC6 /* SettingsView.swift */; };
		565F54A2DEB2ED5ABDF959DA /* EasyRSSApp.swift in Sources */ = {isa = PBXBuildFile; fileRef = DF02B31D85C44FE4C109EAEB /* EasyRSSApp.swift */; };
		5B3E5B6A2581C298263EA0EA /* ConsoleView.swift in Sources */ = {isa = PBXBuildFile; fileRef = D69912A3269276DAF4FFAF45 /* ConsoleView.swift */; };
		5C5E99C16EE7825CB24E9458 /* CuratedFeedManager.swift in Sources */ = {isa = PBXBuildFile; fileRef = 795DF17736FD36D98F8A0532 /* CuratedFeedManager.swift */; };
		5F8A527790BBD9AED729D7B1 /* AudioPlayerService.swift in Sources */ = {isa = PBXBuildFile; fileRef = 88847BD64845297886AEDBE0 /* AudioPlayerService.swift */; };
		63EFB75394FFF56972A9311D /* FaviconService.swift in Sources */ = {isa = PBXBuildFile; fileRef = BA044137A15A6712344733C7 /* FaviconService.swift */; };
		65B7FEECD3E1AC13D26FCE75 /* Folder.swift in Sources */ = {isa = PBXBuildFile; fileRef = 038186F086CEE92C0BC58C16 /* Folder.swift */; };
		68463FD00DEF51E690CC5C56 /* PodcastSearchView.swift in Sources */ = {isa = PBXBuildFile; fileRef = 7B5C58B4B0CD8303EF27EEB0 /* PodcastSearchView.swift */; };
		71E74D30740C868D66D0A3CD /* SocialFeedsView.swift in Sources */ = {isa = PBXBuildFile; fileRef = C46448E4B4BDB9E77DE9D8ED /* SocialFeedsView.swift */; };
		86F3651A20127B70130AAA47 /* Assets.xcassets in Resources */ = {isa = PBXBuildFile; fileRef = EB2B47B5FDC0386B5BE7A031 /* Assets.xcassets */; };
		8D659C588236B3E037CFBC13 /* Localizable.strings in Resources */ = {isa = PBXBuildFile; fileRef = 8F1ED5123DD893C36BAA9453 /* Localizable.strings */; };
		9FCD098E00DE7E7BEA792283 /* PodcastDownloadService.swift in Sources */ = {isa = PBXBuildFile; fileRef = 7542FE95673A88ADD2D80A4A /* PodcastDownloadService.swift */; };
		A3150AA1722C19990DA5B36F /* WebView.swift in Sources */ = {isa = PBXBuildFile; fileRef = F7F354C3EA028686CD3E2BA1 /* WebView.swift */; };
		ABC83F99DB3CAF50E8D47E7C /* PodcastSearchResult.swift in Sources */ = {isa = PBXBuildFile; fileRef = 30661282BE6ABC87FCE97CDD /* PodcastSearchResult.swift */; };
		B3C8AEF1FFB7EC4A24C517A1 /* SidebarView.swift in Sources */ = {isa = PBXBuildFile; fileRef = 8685C42D6F5E40EA3963BC4D /* SidebarView.swift */; };
		B56EC34231A09A5124E5FD9D /* HTMLCleaner.swift in Sources */ = {isa = PBXBuildFile; fileRef = A1ECF353593F446BEC8AA878 /* HTMLCleaner.swift */; };
		B83D9F7996FF32EDDE682127 /* CuratedFeed.swift in Sources */ = {isa = PBXBuildFile; fileRef = 239062A09E4D48D3305E8F18 /* CuratedFeed.swift */; };
		BB886C0D4FDD7292F2D75A7B /* ArticleDetailView.swift in Sources */ = {isa = PBXBuildFile; fileRef = B0ACB08B75C8AE277F91E0DD /* ArticleDetailView.swift */; };
		BF4EA8139CB0EB6EDE2D7440 /* QueuePopoverView.swift in Sources */ = {isa = PBXBuildFile; fileRef = BAD249BD2CAF152E722B8469 /* QueuePopoverView.swift */; };
		C21ECAC7212E4EE56A272D5C /* ContentBlockerService.swift in Sources */ = {isa = PBXBuildFile; fileRef = AD6EB7F5AE119EB8406DE3DC /* ContentBlockerService.swift */; };
		D4158C2C7CA5441F72758588 /* AppLogger.swift in Sources */ = {isa = PBXBuildFile; fileRef = 13820ADBEB009A4A7A212BFF /* AppLogger.swift */; };
		D419D178C977445612DFCA3D /* curated_feeds.json in Resources */ = {isa = PBXBuildFile; fileRef = 4C6729C4B60D0473F3A35813 /* curated_feeds.json */; };
		DCCBADE8B9C020813BFC8EA2 /* ReaderModeExtractor.swift in Sources */ = {isa = PBXBuildFile; fileRef = AAFF94CE0115919DD1CD0EAA /* ReaderModeExtractor.swift */; };
		F3F40F23F3F519D7193ECDB0 /* SidebarItem.swift in Sources */ = {isa = PBXBuildFile; fileRef = BCD8A26D53207DCE596BE15D /* SidebarItem.swift */; };
		F5A9A06F36B551A1F9FD945C /* Feed.swift in Sources */ = {isa = PBXBuildFile; fileRef = 1B7F4F5DB90608B6618A7E65 /* Feed.swift */; };
		FB8B097CFEC850DED54C870D /* MiniPlayerView.swift in Sources */ = {isa = PBXBuildFile; fileRef = 76ABF999503ABD2777398A9C /* MiniPlayerView.swift */; };
		FCCFD7AB89EA563D84733CC1 /* ContentView.swift in Sources */ = {isa = PBXBuildFile; fileRef = 1BBEB79D86CCB9835183130A /* ContentView.swift */; };
/* End PBXBuildFile section */

/* Begin PBXFileReference section */
		0053C0D86B3535760BE51C66 /* FolderManagementView.swift */ = {isa = PBXFileReference; lastKnownFileType = sourcecode.swift; path = FolderManagementView.swift; sourceTree = "<group>"; };
		0183323EB4976E4330F68AAE /* FeedListView.swift */ = {isa = PBXFileReference; lastKnownFileType = sourcecode.swift; path = FeedListView.swift; sourceTree = "<group>"; };
		038186F086CEE92C0BC58C16 /* Folder.swift */ = {isa = PBXFileReference; lastKnownFileType = sourcecode.swift; path = Folder.swift; sourceTree = "<group>"; };
		13820ADBEB009A4A7A212BFF /* AppLogger.swift */ = {isa = PBXFileReference; lastKnownFileType = sourcecode.swift; path = AppLogger.swift; sourceTree = "<group>"; };
		1B7F4F5DB90608B6618A7E65 /* Feed.swift */ = {isa = PBXFileReference; lastKnownFileType = sourcecode.swift; path = Feed.swift; sourceTree = "<group>"; };
		1BBEB79D86CCB9835183130A /* ContentView.swift */ = {isa = PBXFileReference; lastKnownFileType = sourcecode.swift; path = ContentView.swift; sourceTree = "<group>"; };
		1F6A10119A190D5FE76F0592 /* EqualizerWaveformView.swift */ = {isa = PBXFileReference; lastKnownFileType = sourcecode.swift; path = EqualizerWaveformView.swift; sourceTree = "<group>"; };
		239062A09E4D48D3305E8F18 /* CuratedFeed.swift */ = {isa = PBXFileReference; lastKnownFileType = sourcecode.swift; path = CuratedFeed.swift; sourceTree = "<group>"; };
		30661282BE6ABC87FCE97CDD /* PodcastSearchResult.swift */ = {isa = PBXFileReference; lastKnownFileType = sourcecode.swift; path = PodcastSearchResult.swift; sourceTree = "<group>"; };
		45994E646C25361346388B46 /* OPMLManager.swift */ = {isa = PBXFileReference; lastKnownFileType = sourcecode.swift; path = OPMLManager.swift; sourceTree = "<group>"; };
		4C6729C4B60D0473F3A35813 /* curated_feeds.json */ = {isa = PBXFileReference; lastKnownFileType = text.json; path = curated_feeds.json; sourceTree = "<group>"; };
		541CCECE17865AC0A57C3092 /* AppSettings.swift */ = {isa = PBXFileReference; lastKnownFileType = sourcecode.swift; path = AppSettings.swift; sourceTree = "<group>"; };
		67BBCE8B97014AFDED151896 /* SocialFeedResolver.swift */ = {isa = PBXFileReference; lastKnownFileType = sourcecode.swift; path = SocialFeedResolver.swift; sourceTree = "<group>"; };
		70111542A0F0A2F41B2BBA8D /* FeedItem.swift */ = {isa = PBXFileReference; lastKnownFileType = sourcecode.swift; path = FeedItem.swift; sourceTree = "<group>"; };
		7109B51B5CD57DB0F662E451 /* FeedHealthService.swift */ = {isa = PBXFileReference; lastKnownFileType = sourcecode.swift; path = FeedHealthService.swift; sourceTree = "<group>"; };
		7542FE95673A88ADD2D80A4A /* PodcastDownloadService.swift */ = {isa = PBXFileReference; lastKnownFileType = sourcecode.swift; path = PodcastDownloadService.swift; sourceTree = "<group>"; };
		76ABF999503ABD2777398A9C /* MiniPlayerView.swift */ = {isa = PBXFileReference; lastKnownFileType = sourcecode.swift; path = MiniPlayerView.swift; sourceTree = "<group>"; };
		785E78CA77152E7FE78C1237 /* FeedStore.swift */ = {isa = PBXFileReference; lastKnownFileType = sourcecode.swift; path = FeedStore.swift; sourceTree = "<group>"; };
		795DF17736FD36D98F8A0532 /* CuratedFeedManager.swift */ = {isa = PBXFileReference; lastKnownFileType = sourcecode.swift; path = CuratedFeedManager.swift; sourceTree = "<group>"; };
		7B5C58B4B0CD8303EF27EEB0 /* PodcastSearchView.swift */ = {isa = PBXFileReference; lastKnownFileType = sourcecode.swift; path = PodcastSearchView.swift; sourceTree = "<group>"; };
		8662D9AE64DB139E0FD25AC6 /* SettingsView.swift */ = {isa = PBXFileReference; lastKnownFileType = sourcecode.swift; path = SettingsView.swift; sourceTree = "<group>"; };
		8685C42D6F5E40EA3963BC4D /* SidebarView.swift */ = {isa = PBXFileReference; lastKnownFileType = sourcecode.swift; path = SidebarView.swift; sourceTree = "<group>"; };
		88847BD64845297886AEDBE0 /* AudioPlayerService.swift */ = {isa = PBXFileReference; lastKnownFileType = sourcecode.swift; path = AudioPlayerService.swift; sourceTree = "<group>"; };
		9B7684318C6B5989562330B5 /* EasyRSS.app */ = {isa = PBXFileReference; explicitFileType = wrapper.application; includeInIndex = 0; path = EasyRSS.app; sourceTree = BUILT_PRODUCTS_DIR; };
		A1ECF353593F446BEC8AA878 /* HTMLCleaner.swift */ = {isa = PBXFileReference; lastKnownFileType = sourcecode.swift; path = HTMLCleaner.swift; sourceTree = "<group>"; };
		A924150A9FB1F2E84DB62914 /* NetworkMonitor.swift */ = {isa = PBXFileReference; lastKnownFileType = sourcecode.swift; path = NetworkMonitor.swift; sourceTree = "<group>"; };
		AAFF94CE0115919DD1CD0EAA /* ReaderModeExtractor.swift */ = {isa = PBXFileReference; lastKnownFileType = sourcecode.swift; path = ReaderModeExtractor.swift; sourceTree = "<group>"; };
		AD6EB7F5AE119EB8406DE3DC /* ContentBlockerService.swift */ = {isa = PBXFileReference; lastKnownFileType = sourcecode.swift; path = ContentBlockerService.swift; sourceTree = "<group>"; };
		B0ACB08B75C8AE277F91E0DD /* ArticleDetailView.swift */ = {isa = PBXFileReference; lastKnownFileType = sourcecode.swift; path = ArticleDetailView.swift; sourceTree = "<group>"; };
		BA044137A15A6712344733C7 /* FaviconService.swift */ = {isa = PBXFileReference; lastKnownFileType = sourcecode.swift; path = FaviconService.swift; sourceTree = "<group>"; };
		BAD249BD2CAF152E722B8469 /* QueuePopoverView.swift */ = {isa = PBXFileReference; lastKnownFileType = sourcecode.swift; path = QueuePopoverView.swift; sourceTree = "<group>"; };
		BCD8A26D53207DCE596BE15D /* SidebarItem.swift */ = {isa = PBXFileReference; lastKnownFileType = sourcecode.swift; path = SidebarItem.swift; sourceTree = "<group>"; };
		C46448E4B4BDB9E77DE9D8ED /* SocialFeedsView.swift */ = {isa = PBXFileReference; lastKnownFileType = sourcecode.swift; path = SocialFeedsView.swift; sourceTree = "<group>"; };
		CEC1EECA81855474954BF2FD /* AddFeedSheet.swift */ = {isa = PBXFileReference; lastKnownFileType = sourcecode.swift; path = AddFeedSheet.swift; sourceTree = "<group>"; };
		D1EED837EB946665F961D18F /* PodcastSearchService.swift */ = {isa = PBXFileReference; lastKnownFileType = sourcecode.swift; path = PodcastSearchService.swift; sourceTree = "<group>"; };
		D1FBFB7658763A93FCF1CB77 /* RSSParser.swift */ = {isa = PBXFileReference; lastKnownFileType = sourcecode.swift; path = RSSParser.swift; sourceTree = "<group>"; };
		D69912A3269276DAF4FFAF45 /* ConsoleView.swift */ = {isa = PBXFileReference; lastKnownFileType = sourcecode.swift; path = ConsoleView.swift; sourceTree = "<group>"; };
		DF02B31D85C44FE4C109EAEB /* EasyRSSApp.swift */ = {isa = PBXFileReference; lastKnownFileType = sourcecode.swift; path = EasyRSSApp.swift; sourceTree = "<group>"; };
		E1D08735B62616723261ED83 /* en */ = {isa = PBXFileReference; lastKnownFileType = text.plist.strings; name = en; path = en.lproj/Localizable.strings; sourceTree = "<group>"; };
		EB2B47B5FDC0386B5BE7A031 /* Assets.xcassets */ = {isa = PBXFileReference; lastKnownFileType = folder.assetcatalog; path = Assets.xcassets; sourceTree = "<group>"; };
		F23E22437382599AAB30B734 /* tr */ = {isa = PBXFileReference; lastKnownFileType = text.plist.strings; name = tr; path = tr.lproj/Localizable.strings; sourceTree = "<group>"; };
		F7F354C3EA028686CD3E2BA1 /* WebView.swift */ = {isa = PBXFileReference; lastKnownFileType = sourcecode.swift; path = WebView.swift; sourceTree = "<group>"; };
/* End PBXFileReference section */

/* Begin PBXGroup section */
		29B0E0EC33BE08995F0D581B /* Resources */ = {
			isa = PBXGroup;
			children = (
				EB2B47B5FDC0386B5BE7A031 /* Assets.xcassets */,
				4C6729C4B60D0473F3A35813 /* curated_feeds.json */,
				8F1ED5123DD893C36BAA9453 /* Localizable.strings */,
			);
			path = Resources;
			sourceTree = "<group>";
		};
		2C3F2AA6C98A82A52CF1F73C /* Settings */ = {
			isa = PBXGroup;
			children = (
				8662D9AE64DB139E0FD25AC6 /* SettingsView.swift */,
			);
			path = Settings;
			sourceTree = "<group>";
		};
		3D0B94F4EAF9ADDF1966BB19 /* Player */ = {
			isa = PBXGroup;
			children = (
				1F6A10119A190D5FE76F0592 /* EqualizerWaveformView.swift */,
				BAD249BD2CAF152E722B8469 /* QueuePopoverView.swift */,
			);
			path = Player;
			sourceTree = "<group>";
		};
		4B654450D9F4A842E2856151 /* Views */ = {
			isa = PBXGroup;
			children = (
				CEC1EECA81855474954BF2FD /* AddFeedSheet.swift */,
				B0ACB08B75C8AE277F91E0DD /* ArticleDetailView.swift */,
				D69912A3269276DAF4FFAF45 /* ConsoleView.swift */,
				1BBEB79D86CCB9835183130A /* ContentView.swift */,
				0183323EB4976E4330F68AAE /* FeedListView.swift */,
				0053C0D86B3535760BE51C66 /* FolderManagementView.swift */,
				76ABF999503ABD2777398A9C /* MiniPlayerView.swift */,
				7B5C58B4B0CD8303EF27EEB0 /* PodcastSearchView.swift */,
				8685C42D6F5E40EA3963BC4D /* SidebarView.swift */,
				C46448E4B4BDB9E77DE9D8ED /* SocialFeedsView.swift */,
				F7F354C3EA028686CD3E2BA1 /* WebView.swift */,
				3D0B94F4EAF9ADDF1966BB19 /* Player */,
				2C3F2AA6C98A82A52CF1F73C /* Settings */,
			);
			path = Views;
			sourceTree = "<group>";
		};
		5C3C8E3A2802BFD4688A83A1 /* Models */ = {
			isa = PBXGroup;
			children = (
				541CCECE17865AC0A57C3092 /* AppSettings.swift */,
				239062A09E4D48D3305E8F18 /* CuratedFeed.swift */,
				1B7F4F5DB90608B6618A7E65 /* Feed.swift */,
				70111542A0F0A2F41B2BBA8D /* FeedItem.swift */,
				038186F086CEE92C0BC58C16 /* Folder.swift */,
				30661282BE6ABC87FCE97CDD /* PodcastSearchResult.swift */,
				BCD8A26D53207DCE596BE15D /* SidebarItem.swift */,
			);
			path = Models;
			sourceTree = "<group>";
		};
		854BC5F30DABF903879EE7E8 /* Products */ = {
			isa = PBXGroup;
			children = (
				9B7684318C6B5989562330B5 /* EasyRSS.app */,
			);
			name = Products;
			sourceTree = "<group>";
		};
		9D3D886F11646C03AE033E8B /* Services */ = {
			isa = PBXGroup;
			children = (
				13820ADBEB009A4A7A212BFF /* AppLogger.swift */,
				88847BD64845297886AEDBE0 /* AudioPlayerService.swift */,
				AD6EB7F5AE119EB8406DE3DC /* ContentBlockerService.swift */,
				795DF17736FD36D98F8A0532 /* CuratedFeedManager.swift */,
				BA044137A15A6712344733C7 /* FaviconService.swift */,
				7109B51B5CD57DB0F662E451 /* FeedHealthService.swift */,
				785E78CA77152E7FE78C1237 /* FeedStore.swift */,
				A1ECF353593F446BEC8AA878 /* HTMLCleaner.swift */,
				A924150A9FB1F2E84DB62914 /* NetworkMonitor.swift */,
				45994E646C25361346388B46 /* OPMLManager.swift */,
				7542FE95673A88ADD2D80A4A /* PodcastDownloadService.swift */,
				D1EED837EB946665F961D18F /* PodcastSearchService.swift */,
				AAFF94CE0115919DD1CD0EAA /* ReaderModeExtractor.swift */,
				D1FBFB7658763A93FCF1CB77 /* RSSParser.swift */,
				67BBCE8B97014AFDED151896 /* SocialFeedResolver.swift */,
			);
			path = Services;
			sourceTree = "<group>";
		};
		E336F086FEC190A74F711383 /* Sources */ = {
			isa = PBXGroup;
			children = (
				DF02B31D85C44FE4C109EAEB /* EasyRSSApp.swift */,
				5C3C8E3A2802BFD4688A83A1 /* Models */,
				29B0E0EC33BE08995F0D581B /* Resources */,
				9D3D886F11646C03AE033E8B /* Services */,
				4B654450D9F4A842E2856151 /* Views */,
			);
			path = Sources;
			sourceTree = "<group>";
		};
		EB0AEC9EE6A672EBD93477DE = {
			isa = PBXGroup;
			children = (
				E336F086FEC190A74F711383 /* Sources */,
				854BC5F30DABF903879EE7E8 /* Products */,
			);
			sourceTree = "<group>";
		};
/* End PBXGroup section */

/* Begin PBXNativeTarget section */
		542FD8853F0F52703C998B71 /* EasyRSS */ = {
			isa = PBXNativeTarget;
			buildConfigurationList = 4ED0763E3A51B39DADFEBB4E /* Build configuration list for PBXNativeTarget "EasyRSS" */;
			buildPhases = (
				AFF0D8F0F141FC7451E6193D /* Sources */,
				46A7CC04D889DF182691F21D /* Resources */,
			);
			buildRules = (
			);
			dependencies = (
			);
			name = EasyRSS;
			packageProductDependencies = (
			);
			productName = EasyRSS;
			productReference = 9B7684318C6B5989562330B5 /* EasyRSS.app */;
			productType = "com.apple.product-type.application";
		};
/* End PBXNativeTarget section */

/* Begin PBXProject section */
		83B7F32DC347E535385D564E /* Project object */ = {
			isa = PBXProject;
			attributes = {
				BuildIndependentTargetsInParallel = YES;
				LastUpgradeCheck = 1430;
				TargetAttributes = {
					542FD8853F0F52703C998B71 = {
						ProvisioningStyle = Manual;
					};
				};
			};
			buildConfigurationList = E198D8B970F598F282772A86 /* Build configuration list for PBXProject "EasyRSS" */;
			developmentRegion = en;
			hasScannedForEncodings = 0;
			knownRegions = (
				Base,
				en,
				tr,
			);
			mainGroup = EB0AEC9EE6A672EBD93477DE;
			minimizedProjectReferenceProxies = 1;
			preferredProjectObjectVersion = 77;
			productRefGroup = 854BC5F30DABF903879EE7E8 /* Products */;
			projectDirPath = "";
			projectRoot = "";
			targets = (
				542FD8853F0F52703C998B71 /* EasyRSS */,
			);
		};
/* End PBXProject section */

/* Begin PBXResourcesBuildPhase section */
		46A7CC04D889DF182691F21D /* Resources */ = {
			isa = PBXResourcesBuildPhase;
			buildActionMask = 2147483647;
			files = (
				86F3651A20127B70130AAA47 /* Assets.xcassets in Resources */,
				8D659C588236B3E037CFBC13 /* Localizable.strings in Resources */,
				D419D178C977445612DFCA3D /* curated_feeds.json in Resources */,
			);
			runOnlyForDeploymentPostprocessing = 0;
		};
/* End PBXResourcesBuildPhase section */

/* Begin PBXSourcesBuildPhase section */
		AFF0D8F0F141FC7451E6193D /* Sources */ = {
			isa = PBXSourcesBuildPhase;
			buildActionMask = 2147483647;
			files = (
				0A404A128853FB51FE8F1D6A /* AddFeedSheet.swift in Sources */,
				D4158C2C7CA5441F72758588 /* AppLogger.swift in Sources */,
				415C86EA71BF46636C7025B8 /* AppSettings.swift in Sources */,
				BB886C0D4FDD7292F2D75A7B /* ArticleDetailView.swift in Sources */,
				5F8A527790BBD9AED729D7B1 /* AudioPlayerService.swift in Sources */,
				5B3E5B6A2581C298263EA0EA /* ConsoleView.swift in Sources */,
				C21ECAC7212E4EE56A272D5C /* ContentBlockerService.swift in Sources */,
				FCCFD7AB89EA563D84733CC1 /* ContentView.swift in Sources */,
				B83D9F7996FF32EDDE682127 /* CuratedFeed.swift in Sources */,
				5C5E99C16EE7825CB24E9458 /* CuratedFeedManager.swift in Sources */,
				565F54A2DEB2ED5ABDF959DA /* EasyRSSApp.swift in Sources */,
				0A8574CD7E3F92FFA293071D /* EqualizerWaveformView.swift in Sources */,
				63EFB75394FFF56972A9311D /* FaviconService.swift in Sources */,
				F5A9A06F36B551A1F9FD945C /* Feed.swift in Sources */,
				01AD464F8FC8ABA8BE654776 /* FeedHealthService.swift in Sources */,
				1020DE99CF68166D20AADCD8 /* FeedItem.swift in Sources */,
				17C187012BC0DF718F9F2D8E /* FeedListView.swift in Sources */,
				0988FDC8A62B97759BD9C716 /* FeedStore.swift in Sources */,
				65B7FEECD3E1AC13D26FCE75 /* Folder.swift in Sources */,
				193779E76AAB54F056CECE5E /* FolderManagementView.swift in Sources */,
				B56EC34231A09A5124E5FD9D /* HTMLCleaner.swift in Sources */,
				FB8B097CFEC850DED54C870D /* MiniPlayerView.swift in Sources */,
				07653C9C418BE81D76738F41 /* NetworkMonitor.swift in Sources */,
				332BE99960A9F197E6BAF766 /* OPMLManager.swift in Sources */,
				9FCD098E00DE7E7BEA792283 /* PodcastDownloadService.swift in Sources */,
				ABC83F99DB3CAF50E8D47E7C /* PodcastSearchResult.swift in Sources */,
				2E8852AFA945DDD35D01D07D /* PodcastSearchService.swift in Sources */,
				68463FD00DEF51E690CC5C56 /* PodcastSearchView.swift in Sources */,
				BF4EA8139CB0EB6EDE2D7440 /* QueuePopoverView.swift in Sources */,
				39932094874073EA32CC007A /* RSSParser.swift in Sources */,
				DCCBADE8B9C020813BFC8EA2 /* ReaderModeExtractor.swift in Sources */,
				4AE06182FA3218E2F97389F4 /* SettingsView.swift in Sources */,
				F3F40F23F3F519D7193ECDB0 /* SidebarItem.swift in Sources */,
				B3C8AEF1FFB7EC4A24C517A1 /* SidebarView.swift in Sources */,
				1FD0F7F263DCB353E5A25AE4 /* SocialFeedResolver.swift in Sources */,
				71E74D30740C868D66D0A3CD /* SocialFeedsView.swift in Sources */,
				A3150AA1722C19990DA5B36F /* WebView.swift in Sources */,
			);
			runOnlyForDeploymentPostprocessing = 0;
		};
/* End PBXSourcesBuildPhase section */

/* Begin PBXVariantGroup section */
		8F1ED5123DD893C36BAA9453 /* Localizable.strings */ = {
			isa = PBXVariantGroup;
			children = (
				E1D08735B62616723261ED83 /* en */,
				F23E22437382599AAB30B734 /* tr */,
			);
			name = Localizable.strings;
			sourceTree = "<group>";
		};
/* End PBXVariantGroup section */

/* Begin XCBuildConfiguration section */
		8DA1C733FFE4CF51294B9773 /* Release */ = {
			isa = XCBuildConfiguration;
			buildSettings = {
				ASSETCATALOG_COMPILER_APPICON_NAME = AppIcon;
				CODE_SIGN_ENTITLEMENTS = Sources/Resources/EasyRSS.entitlements;
				CODE_SIGN_IDENTITY = "-";
				CODE_SIGN_STYLE = Manual;
				COMBINE_HIDPI_IMAGES = YES;
				CURRENT_PROJECT_VERSION = 2;
				ENABLE_HARDENED_RUNTIME = YES;
				GENERATE_INFOPLIST_FILE = YES;
				INFOPLIST_FILE = Sources/Resources/Info.plist;
				INFOPLIST_KEY_CFBundleDisplayName = EasyRSS;
				INFOPLIST_KEY_LSApplicationCategoryType = "public.app-category.news";
				INFOPLIST_KEY_NSHumanReadableCopyright = "Copyright © 2026 bezelye404. All rights reserved.";
				LD_RUNPATH_SEARCH_PATHS = (
					"$(inherited)",
					"@executable_path/../Frameworks",
				);
				MACOSX_DEPLOYMENT_TARGET = 15.0;
				MARKETING_VERSION = 0.2;
				PRODUCT_BUNDLE_IDENTIFIER = com.bezelye.EasyRSS;
				PRODUCT_NAME = EasyRSS;
				SDKROOT = macosx;
			};
			name = Release;
		};
		96EFB0F8C374FF236A7AF5B8 /* Debug */ = {
			isa = XCBuildConfiguration;
			buildSettings = {
				ALWAYS_SEARCH_USER_PATHS = NO;
				CLANG_ANALYZER_NONNULL = YES;
				CLANG_ANALYZER_NUMBER_OBJECT_CONVERSION = YES_AGGRESSIVE;
				CLANG_CXX_LANGUAGE_STANDARD = "gnu++14";
				CLANG_CXX_LIBRARY = "libc++";
				CLANG_ENABLE_MODULES = YES;
				CLANG_ENABLE_OBJC_ARC = YES;
				CLANG_ENABLE_OBJC_WEAK = YES;
				CLANG_WARN_BLOCK_CAPTURE_AUTORELEASING = YES;
				CLANG_WARN_BOOL_CONVERSION = YES;
				CLANG_WARN_COMMA = YES;
				CLANG_WARN_CONSTANT_CONVERSION = YES;
				CLANG_WARN_DEPRECATED_OBJC_IMPLEMENTATIONS = YES;
				CLANG_WARN_DIRECT_OBJC_ISA_USAGE = YES_ERROR;
				CLANG_WARN_DOCUMENTATION_COMMENTS = YES;
				CLANG_WARN_EMPTY_BODY = YES;
				CLANG_WARN_ENUM_CONVERSION = YES;
				CLANG_WARN_INFINITE_RECURSION = YES;
				CLANG_WARN_INT_CONVERSION = YES;
				CLANG_WARN_NON_LITERAL_NULL_CONVERSION = YES;
				CLANG_WARN_OBJC_IMPLICIT_RETAIN_SELF = YES;
				CLANG_WARN_OBJC_LITERAL_CONVERSION = YES;
				CLANG_WARN_OBJC_ROOT_CLASS = YES_ERROR;
				CLANG_WARN_QUOTED_INCLUDE_IN_FRAMEWORK_HEADER = YES;
				CLANG_WARN_RANGE_LOOP_ANALYSIS = YES;
				CLANG_WARN_STRICT_PROTOTYPES = YES;
				CLANG_WARN_SUSPICIOUS_MOVE = YES;
				CLANG_WARN_UNGUARDED_AVAILABILITY = YES_AGGRESSIVE;
				CLANG_WARN_UNREACHABLE_CODE = YES;
				CLANG_WARN__DUPLICATE_METHOD_MATCH = YES;
				COPY_PHASE_STRIP = NO;
				DEBUG_INFORMATION_FORMAT = dwarf;
				ENABLE_STRICT_OBJC_MSGSEND = YES;
				ENABLE_TESTABILITY = YES;
				GCC_C_LANGUAGE_STANDARD = gnu11;
				GCC_DYNAMIC_NO_PIC = NO;
				GCC_NO_COMMON_BLOCKS = YES;
				GCC_OPTIMIZATION_LEVEL = 0;
				GCC_PREPROCESSOR_DEFINITIONS = (
					"$(inherited)",
					"DEBUG=1",
				);
				GCC_WARN_64_TO_32_BIT_CONVERSION = YES;
				GCC_WARN_ABOUT_RETURN_TYPE = YES_ERROR;
				GCC_WARN_UNDECLARED_SELECTOR = YES;
				GCC_WARN_UNINITIALIZED_AUTOS = YES_AGGRESSIVE;
				GCC_WARN_UNUSED_FUNCTION = YES;
				GCC_WARN_UNUSED_VARIABLE = YES;
				MACOSX_DEPLOYMENT_TARGET = 15.0;
				MTL_ENABLE_DEBUG_INFO = INCLUDE_SOURCE;
				MTL_FAST_MATH = YES;
				ONLY_ACTIVE_ARCH = YES;
				PRODUCT_NAME = "$(TARGET_NAME)";
				SDKROOT = macosx;
				SWIFT_ACTIVE_COMPILATION_CONDITIONS = DEBUG;
				SWIFT_OPTIMIZATION_LEVEL = "-Onone";
				SWIFT_VERSION = 6.0;
			};
			name = Debug;
		};
		A161ADD27DACB3D85A4A10D6 /* Release */ = {
			isa = XCBuildConfiguration;
			buildSettings = {
				ALWAYS_SEARCH_USER_PATHS = NO;
				CLANG_ANALYZER_NONNULL = YES;
				CLANG_ANALYZER_NUMBER_OBJECT_CONVERSION = YES_AGGRESSIVE;
				CLANG_CXX_LANGUAGE_STANDARD = "gnu++14";
				CLANG_CXX_LIBRARY = "libc++";
				CLANG_ENABLE_MODULES = YES;
				CLANG_ENABLE_OBJC_ARC = YES;
				CLANG_ENABLE_OBJC_WEAK = YES;
				CLANG_WARN_BLOCK_CAPTURE_AUTORELEASING = YES;
				CLANG_WARN_BOOL_CONVERSION = YES;
				CLANG_WARN_COMMA = YES;
				CLANG_WARN_CONSTANT_CONVERSION = YES;
				CLANG_WARN_DEPRECATED_OBJC_IMPLEMENTATIONS = YES;
				CLANG_WARN_DIRECT_OBJC_ISA_USAGE = YES_ERROR;
				CLANG_WARN_DOCUMENTATION_COMMENTS = YES;
				CLANG_WARN_EMPTY_BODY = YES;
				CLANG_WARN_ENUM_CONVERSION = YES;
				CLANG_WARN_INFINITE_RECURSION = YES;
				CLANG_WARN_INT_CONVERSION = YES;
				CLANG_WARN_NON_LITERAL_NULL_CONVERSION = YES;
				CLANG_WARN_OBJC_IMPLICIT_RETAIN_SELF = YES;
				CLANG_WARN_OBJC_LITERAL_CONVERSION = YES;
				CLANG_WARN_OBJC_ROOT_CLASS = YES_ERROR;
				CLANG_WARN_QUOTED_INCLUDE_IN_FRAMEWORK_HEADER = YES;
				CLANG_WARN_RANGE_LOOP_ANALYSIS = YES;
				CLANG_WARN_STRICT_PROTOTYPES = YES;
				CLANG_WARN_SUSPICIOUS_MOVE = YES;
				CLANG_WARN_UNGUARDED_AVAILABILITY = YES_AGGRESSIVE;
				CLANG_WARN_UNREACHABLE_CODE = YES;
				CLANG_WARN__DUPLICATE_METHOD_MATCH = YES;
				COPY_PHASE_STRIP = YES;
				DEAD_CODE_STRIPPING = YES;
				DEBUG_INFORMATION_FORMAT = "dwarf-with-dsym";
				DEPLOYMENT_POSTPROCESSING = YES;
				ENABLE_NS_ASSERTIONS = NO;
				ENABLE_STRICT_OBJC_MSGSEND = YES;
				GCC_C_LANGUAGE_STANDARD = gnu11;
				GCC_NO_COMMON_BLOCKS = YES;
				GCC_WARN_64_TO_32_BIT_CONVERSION = YES;
				GCC_WARN_ABOUT_RETURN_TYPE = YES_ERROR;
				GCC_WARN_UNDECLARED_SELECTOR = YES;
				GCC_WARN_UNINITIALIZED_AUTOS = YES_AGGRESSIVE;
				GCC_WARN_UNUSED_FUNCTION = YES;
				GCC_WARN_UNUSED_VARIABLE = YES;
				LLVM_LTO = YES_THIN;
				MACOSX_DEPLOYMENT_TARGET = 15.0;
				MTL_ENABLE_DEBUG_INFO = NO;
				MTL_FAST_MATH = YES;
				PRODUCT_NAME = "$(TARGET_NAME)";
				SDKROOT = macosx;
				STRIP_INSTALLED_PRODUCT = YES;
				STRIP_STYLE = all;
				SWIFT_COMPILATION_MODE = wholemodule;
				SWIFT_OPTIMIZATION_LEVEL = "-O";
				SWIFT_VERSION = 6.0;
			};
			name = Release;
		};
		CDCA3D7BCEF18FFE526B68D1 /* Debug */ = {
			isa = XCBuildConfiguration;
			buildSettings = {
				ASSETCATALOG_COMPILER_APPICON_NAME = AppIcon;
				CODE_SIGN_ENTITLEMENTS = Sources/Resources/EasyRSS.entitlements;
				CODE_SIGN_IDENTITY = "-";
				CODE_SIGN_STYLE = Manual;
				COMBINE_HIDPI_IMAGES = YES;
				CURRENT_PROJECT_VERSION = 2;
				ENABLE_HARDENED_RUNTIME = YES;
				GENERATE_INFOPLIST_FILE = YES;
				INFOPLIST_FILE = Sources/Resources/Info.plist;
				INFOPLIST_KEY_CFBundleDisplayName = EasyRSS;
				INFOPLIST_KEY_LSApplicationCategoryType = "public.app-category.news";
				INFOPLIST_KEY_NSHumanReadableCopyright = "Copyright © 2026 bezelye404. All rights reserved.";
				LD_RUNPATH_SEARCH_PATHS = (
					"$(inherited)",
					"@executable_path/../Frameworks",
				);
				MACOSX_DEPLOYMENT_TARGET = 15.0;
				MARKETING_VERSION = 0.2;
				PRODUCT_BUNDLE_IDENTIFIER = com.bezelye.EasyRSS;
				PRODUCT_NAME = EasyRSS;
				SDKROOT = macosx;
			};
			name = Debug;
		};
/* End XCBuildConfiguration section */

/* Begin XCConfigurationList section */
		4ED0763E3A51B39DADFEBB4E /* Build configuration list for PBXNativeTarget "EasyRSS" */ = {
			isa = XCConfigurationList;
			buildConfigurations = (
				CDCA3D7BCEF18FFE526B68D1 /* Debug */,
				8DA1C733FFE4CF51294B9773 /* Release */,
			);
			defaultConfigurationIsVisible = 0;
			defaultConfigurationName = Release;
		};
		E198D8B970F598F282772A86 /* Build configuration list for PBXProject "EasyRSS" */ = {
			isa = XCConfigurationList;
			buildConfigurations = (
				96EFB0F8C374FF236A7AF5B8 /* Debug */,
				A161ADD27DACB3D85A4A10D6 /* Release */,
			);
			defaultConfigurationIsVisible = 0;
			defaultConfigurationName = Release;
		};
/* End XCConfigurationList section */
	};
	rootObject = 83B7F32DC347E535385D564E /* Project object */;
}
